<?xml version="1.0" encoding="utf-8"?>
<Project ToolsVersion="4.0" xmlns="http://schemas.microsoft.com/developer/msbuild/2003">
  <ItemGroup>
    <Filter Include="Engine">
      <UniqueIdentifier>{93995380-89BD-4b04-88EB-625FBE52EBFB}</UniqueIdentifier>
      <Extensions>h;hh;hpp;hxx;h++;hm;inl;inc;ipp;xsd</Extensions>
    </Filter>
    <Filter Include="Game">
      <UniqueIdentifier>{4FC737F1-C7A5-4376-A066-2A32D752A2FF}</UniqueIdentifier>
      <Extensions>cpp;c;cc;cxx;c++;cppm;ixx;def;odl;idl;hpj;bat;asm;asmx</Extensions>
    </Filter>
    <Filter Include="Game\UI">
      <UniqueIdentifier>{47590c93-d5d1-4ad8-b168-3179ae6bf6f4}</UniqueIdentifier>
    </Filter>
    <Filter Include="Game\Scene">
      <UniqueIdentifier>{2ee147d8-cdd4-44c3-a2c4-f6313fd75860}</UniqueIdentifier>
    </Filter>
    <Filter Include="Game\Entity">
      <UniqueIdentifier>{ad8e6df8-1d81-469f-aa88-1cedc106ecc5}</UniqueIdentifier>
    </Filter>
    <Filter Include="Engine\Mananger">
      <UniqueIdentifier>{b78b05b2-8895-4f3e-ae4a-ccd6029d4df1}</UniqueIdentifier>
    </Filter>
    <Filter Include="Engine\math">
      <UniqueIdentifier>{7ed3f43a-ece7-463e-bb4b-7814bc5f29d4}</UniqueIdentifier>
    </Filter>
    <Filter Include="Engine\Graphics">
      <UniqueIdentifier>{c74ae7ac-5a6c-42b7-80c4-42583aa94607}</UniqueIdentifier>
    </Filter>
    <Filter Include="Game\enum">
      <UniqueIdentifier>{a6b8108f-6840-4899-9766-145975654fee}</UniqueIdentifier>
    </Filter>
  </ItemGroup>
  <ItemGroup>
    <ClCompile Include="Engine\Camera.cpp">
      <Filter>Engine</Filter>
    </ClCompile>
    <ClCompile Include="Engine\Collision.cpp">
      <Filter>Engine</Filter>
    </ClCompile>
    <ClCompile Include="Engine\Engine.cpp">
      <Filter>Engine</Filter>
    </ClCompile>
    <ClCompile Include="Engine\GameObject.cpp">
      <Filter>Engine</Filter>
    </ClCompile>
    <ClCompile Include="Engine\Input.cpp">
      <Filter>Engine</Filter>
    </ClCompile>
    <ClCompile Include="Engine\Input_Doodle.cpp">
      <Filter>Engine</Filter>
    </ClCompile>
    <ClCompile Include="Engine\Logger.cpp">
      <Filter>Engine</Filter>
    </ClCompile>
    <ClCompile Include="Engine\ParticleEmitter.cpp">
      <Filter>Engine</Filter>
    </ClCompile>
    <ClCompile Include="Engine\ShowCollision.cpp">
      <Filter>Engine</Filter>
    </ClCompile>
    <ClCompile Include="Engine\Window.cpp">
      <Filter>Engine</Filter>
    </ClCompile>
    <ClCompile Include="Game\Background.cpp">
      <Filter>Game</Filter>
    </ClCompile>
    <ClCompile Include="Game\Floor.cpp">
      <Filter>Game</Filter>
    </ClCompile>
    <ClCompile Include="Game\GameParticles.cpp">
      <Filter>Game</Filter>
    </ClCompile>
    <ClCompile Include="Game\GameSkills.cpp">
      <Filter>Game</Filter>
    </ClCompile>
    <ClCompile Include="Main.cpp" />
    <ClCompile Include="Game\UI.cpp">
      <Filter>Game\UI</Filter>
    </ClCompile>
    <ClCompile Include="Game\SkillWindow.cpp">
      <Filter>Game\UI</Filter>
    </ClCompile>
    <ClCompile Include="Game\Bar.cpp">
      <Filter>Game\UI</Filter>
    </ClCompile>
    <ClCompile Include="Game\Field1.cpp">
      <Filter>Game\Scene</Filter>
    </ClCompile>
    <ClCompile Include="Game\Village.cpp">
      <Filter>Game\Scene</Filter>
    </ClCompile>
    <ClCompile Include="Game\Map.cpp">
      <Filter>Game\Scene</Filter>
    </ClCompile>
    <ClCompile Include="Game\Boss1.cpp">
      <Filter>Game\Entity</Filter>
    </ClCompile>
    <ClCompile Include="Game\Enemy.cpp">
      <Filter>Game\Entity</Filter>
    </ClCompile>
    <ClCompile Include="Game\Player.cpp">
      <Filter>Game\Entity</Filter>
    </ClCompile>
    <ClCompile Include="Game\NPC.cpp">
      <Filter>Game\Entity</Filter>
    </ClCompile>
    <ClCompile Include="Game\MainMenu.cpp">
      <Filter>Game\Scene</Filter>
    </ClCompile>
    <ClCompile Include="Engine\GameObjectManager.cpp">
      <Filter>Engine\Mananger</Filter>
    </ClCompile>
    <ClCompile Include="Engine\GameStateManager.cpp">
      <Filter>Engine\Mananger</Filter>
    </ClCompile>
    <ClCompile Include="Engine\MemManager.cpp">
      <Filter>Engine\Mananger</Filter>
    </ClCompile>
    <ClCompile Include="Engine\TextureManager.cpp">
      <Filter>Engine\Mananger</Filter>
    </ClCompile>
    <ClCompile Include="Engine\UIManager.cpp">
      <Filter>Engine\Mananger</Filter>
    </ClCompile>
    <ClCompile Include="Engine\TransformMatrix.cpp">
      <Filter>Engine\math</Filter>
    </ClCompile>
    <ClCompile Include="Engine\Sprite.cpp">
      <Filter>Engine\Graphics</Filter>
    </ClCompile>
    <ClCompile Include="Engine\SpriteFont.cpp">
      <Filter>Engine\Graphics</Filter>
    </ClCompile>
    <ClCompile Include="Engine\Texture.cpp">
      <Filter>Engine\Graphics</Filter>
    </ClCompile>
    <ClCompile Include="Engine\Animation.cpp">
      <Filter>Engine\Graphics</Filter>
    </ClCompile>
    <ClCompile Include="Game\Quest.cpp">
      <Filter>Game</Filter>
    </ClCompile>
    <ClCompile Include="Game\Button.cpp">
      <Filter>Game\UI</Filter>
    </ClCompile>
    <ClCompile Include="Game\Portal.cpp">
      <Filter>Game\Entity</Filter>
    </ClCompile>
    <ClCompile Include="Game\QuestWindow.cpp">
      <Filter>Game\UI</Filter>
    </ClCompile>
    <ClCompile Include="Game\Scroll.cpp">
      <Filter>Game\Entity</Filter>
    </ClCompile>
    <ClCompile Include="Game\PopUpDamage.cpp">
      <Filter>Game\UI</Filter>
    </ClCompile>
    <ClCompile Include="Game\BossField1.cpp">
      <Filter>Game\Scene</Filter>
    </ClCompile>
    <ClCompile Include="Game\Field2.cpp">
      <Filter>Game\Scene</Filter>
    </ClCompile>
    <ClCompile Include="Game\Field3.cpp">
      <Filter>Game\Scene</Filter>
    </ClCompile>
    <ClCompile Include="Game\HitBox.cpp">
      <Filter>Game\Entity</Filter>
    </ClCompile>
    <ClCompile Include="Engine\SkillManager.cpp">
      <Filter>Engine\Mananger</Filter>
    </ClCompile>
    <ClCompile Include="Engine\Audio.cpp">
      <Filter>Engine</Filter>
    </ClCompile>
    <ClCompile Include="Game\Settings.cpp">
      <Filter>Game\Scene</Filter>
    </ClCompile>
  </ItemGroup>
  <ItemGroup>
    <ClInclude Include="Engine\Camera.h">
      <Filter>Engine</Filter>
    </ClInclude>
    <ClInclude Include="Engine\Collision.h">
      <Filter>Engine</Filter>
    </ClInclude>
    <ClInclude Include="Engine\Component.h">
      <Filter>Engine</Filter>
    </ClInclude>
    <ClInclude Include="Engine\Engine.h">
      <Filter>Engine</Filter>
    </ClInclude>
    <ClInclude Include="Engine\GameObject.h">
      <Filter>Engine</Filter>
    </ClInclude>
    <ClInclude Include="Engine\GameState.h">
      <Filter>Engine</Filter>
    </ClInclude>
    <ClInclude Include="Engine\Input.h">
      <Filter>Engine</Filter>
    </ClInclude>
    <ClInclude Include="Engine\Logger.h">
      <Filter>Engine</Filter>
    </ClInclude>
    <ClInclude Include="Engine\ParticleEmitter.h">
      <Filter>Engine</Filter>
    </ClInclude>
    <ClInclude Include="Engine\ShowCollision.h">
      <Filter>Engine</Filter>
    </ClInclude>
    <ClInclude Include="Engine\Window.h">
      <Filter>Engine</Filter>
    </ClInclude>
    <ClInclude Include="Game\Background.h">
      <Filter>Game</Filter>
    </ClInclude>
    <ClInclude Include="Game\Floor.h">
      <Filter>Game</Filter>
    </ClInclude>
    <ClInclude Include="Game\GameParticles.h">
      <Filter>Game</Filter>
    </ClInclude>
    <ClInclude Include="Game\GameSkills.h">
      <Filter>Game</Filter>
    </ClInclude>
    <ClInclude Include="Game\Gravity.h">
      <Filter>Game</Filter>
    </ClInclude>
    <ClInclude Include="Game\UI.h">
      <Filter>Game\UI</Filter>
    </ClInclude>
    <ClInclude Include="Game\SkillWindow.h">
      <Filter>Game\UI</Filter>
    </ClInclude>
    <ClInclude Include="Game\Bar.h">
      <Filter>Game\UI</Filter>
    </ClInclude>
    <ClInclude Include="Game\Field1.h">
      <Filter>Game\Scene</Filter>
    </ClInclude>
    <ClInclude Include="Game\Village.h">
      <Filter>Game\Scene</Filter>
    </ClInclude>
    <ClInclude Include="Game\Map.h">
      <Filter>Game\Scene</Filter>
    </ClInclude>
    <ClInclude Include="Game\Boss1.h">
      <Filter>Game\Entity</Filter>
    </ClInclude>
    <ClInclude Include="Game\Enemy.h">
      <Filter>Game\Entity</Filter>
    </ClInclude>
    <ClInclude Include="Game\Player.h">
      <Filter>Game\Entity</Filter>
    </ClInclude>
    <ClInclude Include="Game\NPC.h">
      <Filter>Game\Entity</Filter>
    </ClInclude>
    <ClInclude Include="Game\MainMenu.h">
      <Filter>Game\Scene</Filter>
    </ClInclude>
    <ClInclude Include="Engine\GameObjectManager.h">
      <Filter>Engine\Mananger</Filter>
    </ClInclude>
    <ClInclude Include="Engine\GameStateManager.h">
      <Filter>Engine\Mananger</Filter>
    </ClInclude>
    <ClInclude Include="Engine\ComponentManager.h">
      <Filter>Engine\Mananger</Filter>
    </ClInclude>
    <ClInclude Include="Engine\MemManager.h">
      <Filter>Engine\Mananger</Filter>
    </ClInclude>
    <ClInclude Include="Engine\TextureManager.h">
      <Filter>Engine\Mananger</Filter>
    </ClInclude>
    <ClInclude Include="Engine\UIManager.h">
      <Filter>Engine\Mananger</Filter>
    </ClInclude>
    <ClInclude Include="Engine\Rect.h">
      <Filter>Engine\math</Filter>
    </ClInclude>
    <ClInclude Include="Engine\Vec2.h">
      <Filter>Engine\math</Filter>
    </ClInclude>
    <ClInclude Include="Engine\TransformMatrix.h">
      <Filter>Engine\math</Filter>
    </ClInclude>
    <ClInclude Include="Engine\Sprite.h">
      <Filter>Engine\Graphics</Filter>
    </ClInclude>
    <ClInclude Include="Engine\SpriteFont.h">
      <Filter>Engine\Graphics</Filter>
    </ClInclude>
    <ClInclude Include="Engine\Texture.h">
      <Filter>Engine\Graphics</Filter>
    </ClInclude>
    <ClInclude Include="Engine\Animation.h">
      <Filter>Engine\Graphics</Filter>
    </ClInclude>
    <ClInclude Include="Game\Quest.h">
      <Filter>Game</Filter>
    </ClInclude>
    <ClInclude Include="Game\Screens.h">
      <Filter>Game\enum</Filter>
    </ClInclude>
    <ClInclude Include="Game\GameObjectTypes.h">
      <Filter>Game\enum</Filter>
    </ClInclude>
    <ClInclude Include="Game\Fonts.h">
      <Filter>Game\enum</Filter>
    </ClInclude>
    <ClInclude Include="Game\Button.h">
      <Filter>Game\UI</Filter>
    </ClInclude>
    <ClInclude Include="Game\Portal.h">
      <Filter>Game\Entity</Filter>
    </ClInclude>
    <ClInclude Include="Game\QuestWindow.h">
      <Filter>Game\UI</Filter>
    </ClInclude>
    <ClInclude Include="Game\Scroll.h">
      <Filter>Game\Entity</Filter>
    </ClInclude>
    <ClInclude Include="Game\PopUpDamage.h">
      <Filter>Game\UI</Filter>
    </ClInclude>
    <ClInclude Include="Game\BossField1.h">
      <Filter>Game\Scene</Filter>
    </ClInclude>
    <ClInclude Include="Game\Field2.h">
      <Filter>Game\Scene</Filter>
    </ClInclude>
    <ClInclude Include="Game\Field3.h">
      <Filter>Game\Scene</Filter>
    </ClInclude>
    <ClInclude Include="Game\HitBox.h">
      <Filter>Game\Entity</Filter>
    </ClInclude>
    <ClInclude Include="Engine\SkillManager.h">
      <Filter>Engine\Mananger</Filter>
    </ClInclude>
    <ClInclude Include="Engine\Audio.h">
      <Filter>Engine</Filter>
    </ClInclude>
    <ClInclude Include="Game\Gold.h">
      <Filter>Game</Filter>
    </ClInclude>
    <ClInclude Include="Game\Settings.h">
      <Filter>Game\Scene</Filter>
    </ClInclude>
  </ItemGroup>
  <ItemGroup>
    <None Include="Engine\Vec2.inl">
      <Filter>Engine\math</Filter>
    </None>
  </ItemGroup>
</Project>